// !$*UTF8*$!
{
	archiveVersion = 1;
	classes = {
	};
	objectVersion = 50;
	objects = {

/* Begin PBXBuildFile section */
		CF13E15623E91A7D00750677 /* AppDelegate.swift in Sources */ = {isa = PBXBuildFile; fileRef = CF13E15523E91A7D00750677 /* AppDelegate.swift */; };
		CF13E15823E91A7D00750677 /* SceneDelegate.swift in Sources */ = {isa = PBXBuildFile; fileRef = CF13E15723E91A7D00750677 /* SceneDelegate.swift */; };
		CF13E15A23E91A7D00750677 /* ViewController.swift in Sources */ = {isa = PBXBuildFile; fileRef = CF13E15923E91A7D00750677 /* ViewController.swift */; };
		CF13E15D23E91A7D00750677 /* Main.storyboard in Resources */ = {isa = PBXBuildFile; fileRef = CF13E15B23E91A7D00750677 /* Main.storyboard */; };
		CF13E15F23E91A8600750677 /* Assets.xcassets in Resources */ = {isa = PBXBuildFile; fileRef = CF13E15E23E91A8600750677 /* Assets.xcassets */; };
		CF13E16223E91A8600750677 /* LaunchScreen.storyboard in Resources */ = {isa = PBXBuildFile; fileRef = CF13E16023E91A8600750677 /* LaunchScreen.storyboard */; };
		CF13E16D23E9FA7200750677 /* SignUpViewController.swift in Sources */ = {isa = PBXBuildFile; fileRef = CF13E16C23E9FA7200750677 /* SignUpViewController.swift */; };
		CF13E16F23E9FD0200750677 /* MenteeSignUpViewController.swift in Sources */ = {isa = PBXBuildFile; fileRef = CF13E16E23E9FD0200750677 /* MenteeSignUpViewController.swift */; };
		CF13E17123E9FDB900750677 /* MentorSignUpViewController.swift in Sources */ = {isa = PBXBuildFile; fileRef = CF13E17023E9FDB900750677 /* MentorSignUpViewController.swift */; };
		CF13E17323EB675E00750677 /* MenteeTableViewController.swift in Sources */ = {isa = PBXBuildFile; fileRef = CF13E17223EB675E00750677 /* MenteeTableViewController.swift */; };
		CF13E17523EB6BA700750677 /* MenteeTableViewCell.swift in Sources */ = {isa = PBXBuildFile; fileRef = CF13E17423EB6BA700750677 /* MenteeTableViewCell.swift */; };
		CF13E17823EE74BE00750677 /* Mentee.swift in Sources */ = {isa = PBXBuildFile; fileRef = CF13E17723EE74BE00750677 /* Mentee.swift */; };
		CF13E17B23EE814B00750677 /* Mentor.swift in Sources */ = {isa = PBXBuildFile; fileRef = CF13E17A23EE814B00750677 /* Mentor.swift */; };
		CF1A949423F89B37000E9EA8 /* User.swift in Sources */ = {isa = PBXBuildFile; fileRef = CF1A949323F89B37000E9EA8 /* User.swift */; };
		CF1A949723FB226E000E9EA8 /* Auth.swift in Sources */ = {isa = PBXBuildFile; fileRef = CF1A949623FB226E000E9EA8 /* Auth.swift */; };
		CF4ECB2923F1E52F0087627B /* MenteeDetailViewController.swift in Sources */ = {isa = PBXBuildFile; fileRef = CF4ECB2823F1E52F0087627B /* MenteeDetailViewController.swift */; };
		CF4ECB2B23F1E5D10087627B /* WaitingViewController.swift in Sources */ = {isa = PBXBuildFile; fileRef = CF4ECB2A23F1E5D10087627B /* WaitingViewController.swift */; };
		CF625B2B240336EE006D281D /* Codable.swift in Sources */ = {isa = PBXBuildFile; fileRef = CF625B2A240336EE006D281D /* Codable.swift */; };
		CF625B2D24033FC7006D281D /* LoginViewController.swift in Sources */ = {isa = PBXBuildFile; fileRef = CF625B2C24033FC7006D281D /* LoginViewController.swift */; };
/* End PBXBuildFile section */

/* Begin PBXFileReference section */
		CF13E15223E91A7D00750677 /* oracli.app */ = {isa = PBXFileReference; explicitFileType = wrapper.application; includeInIndex = 0; path = oracli.app; sourceTree = BUILT_PRODUCTS_DIR; };
		CF13E15523E91A7D00750677 /* AppDelegate.swift */ = {isa = PBXFileReference; lastKnownFileType = sourcecode.swift; path = AppDelegate.swift; sourceTree = "<group>"; };
		CF13E15723E91A7D00750677 /* SceneDelegate.swift */ = {isa = PBXFileReference; lastKnownFileType = sourcecode.swift; path = SceneDelegate.swift; sourceTree = "<group>"; };
		CF13E15923E91A7D00750677 /* ViewController.swift */ = {isa = PBXFileReference; lastKnownFileType = sourcecode.swift; path = ViewController.swift; sourceTree = "<group>"; };
		CF13E15C23E91A7D00750677 /* Base */ = {isa = PBXFileReference; lastKnownFileType = file.storyboard; name = Base; path = Base.lproj/Main.storyboard; sourceTree = "<group>"; };
		CF13E15E23E91A8600750677 /* Assets.xcassets */ = {isa = PBXFileReference; lastKnownFileType = folder.assetcatalog; path = Assets.xcassets; sourceTree = "<group>"; };
		CF13E16123E91A8600750677 /* Base */ = {isa = PBXFileReference; lastKnownFileType = file.storyboard; name = Base; path = Base.lproj/LaunchScreen.storyboard; sourceTree = "<group>"; };
		CF13E16323E91A8600750677 /* Info.plist */ = {isa = PBXFileReference; lastKnownFileType = text.plist.xml; path = Info.plist; sourceTree = "<group>"; };
		CF13E16C23E9FA7200750677 /* SignUpViewController.swift */ = {isa = PBXFileReference; lastKnownFileType = sourcecode.swift; path = SignUpViewController.swift; sourceTree = "<group>"; };
		CF13E16E23E9FD0200750677 /* MenteeSignUpViewController.swift */ = {isa = PBXFileReference; lastKnownFileType = sourcecode.swift; path = MenteeSignUpViewController.swift; sourceTree = "<group>"; };
		CF13E17023E9FDB900750677 /* MentorSignUpViewController.swift */ = {isa = PBXFileReference; lastKnownFileType = sourcecode.swift; path = MentorSignUpViewController.swift; sourceTree = "<group>"; };
		CF13E17223EB675E00750677 /* MenteeTableViewController.swift */ = {isa = PBXFileReference; lastKnownFileType = sourcecode.swift; path = MenteeTableViewController.swift; sourceTree = "<group>"; };
		CF13E17423EB6BA700750677 /* MenteeTableViewCell.swift */ = {isa = PBXFileReference; lastKnownFileType = sourcecode.swift; path = MenteeTableViewCell.swift; sourceTree = "<group>"; };
		CF13E17723EE74BE00750677 /* Mentee.swift */ = {isa = PBXFileReference; lastKnownFileType = sourcecode.swift; path = Mentee.swift; sourceTree = "<group>"; };
		CF13E17A23EE814B00750677 /* Mentor.swift */ = {isa = PBXFileReference; lastKnownFileType = sourcecode.swift; path = Mentor.swift; sourceTree = "<group>"; };
		CF1A949323F89B37000E9EA8 /* User.swift */ = {isa = PBXFileReference; lastKnownFileType = sourcecode.swift; path = User.swift; sourceTree = "<group>"; };
		CF1A949623FB226E000E9EA8 /* Auth.swift */ = {isa = PBXFileReference; lastKnownFileType = sourcecode.swift; path = Auth.swift; sourceTree = "<group>"; };
		CF4ECB2823F1E52F0087627B /* MenteeDetailViewController.swift */ = {isa = PBXFileReference; lastKnownFileType = sourcecode.swift; path = MenteeDetailViewController.swift; sourceTree = "<group>"; };
		CF4ECB2A23F1E5D10087627B /* WaitingViewController.swift */ = {isa = PBXFileReference; lastKnownFileType = sourcecode.swift; path = WaitingViewController.swift; sourceTree = "<group>"; };
		CF625B2A240336EE006D281D /* Codable.swift */ = {isa = PBXFileReference; lastKnownFileType = sourcecode.swift; path = Codable.swift; sourceTree = "<group>"; };
		CF625B2C24033FC7006D281D /* LoginViewController.swift */ = {isa = PBXFileReference; lastKnownFileType = sourcecode.swift; path = LoginViewController.swift; sourceTree = "<group>"; };
/* End PBXFileReference section */

/* Begin PBXFrameworksBuildPhase section */
		CF13E14F23E91A7D00750677 /* Frameworks */ = {
			isa = PBXFrameworksBuildPhase;
			buildActionMask = 2147483647;
			files = (
			);
			runOnlyForDeploymentPostprocessing = 0;
		};
/* End PBXFrameworksBuildPhase section */

/* Begin PBXGroup section */
		CF13E14923E91A7D00750677 = {
			isa = PBXGroup;
			children = (
				CF13E15423E91A7D00750677 /* oracli */,
				CF13E15323E91A7D00750677 /* Products */,
			);
			sourceTree = "<group>";
		};
		CF13E15323E91A7D00750677 /* Products */ = {
			isa = PBXGroup;
			children = (
				CF13E15223E91A7D00750677 /* oracli.app */,
			);
			name = Products;
			sourceTree = "<group>";
		};
		CF13E15423E91A7D00750677 /* oracli */ = {
			isa = PBXGroup;
			children = (
				CF1A949523FB223D000E9EA8 /* Helpers */,
				CF13E17923EE812B00750677 /* Models */,
				CF13E16B23E9FA4D00750677 /* Views */,
				CF13E16A23E9FA4400750677 /* Controllers */,
				CF13E15523E91A7D00750677 /* AppDelegate.swift */,
				CF13E15723E91A7D00750677 /* SceneDelegate.swift */,
				CF13E15B23E91A7D00750677 /* Main.storyboard */,
				CF13E15E23E91A8600750677 /* Assets.xcassets */,
				CF13E16023E91A8600750677 /* LaunchScreen.storyboard */,
				CF13E16323E91A8600750677 /* Info.plist */,
			);
			path = oracli;
			sourceTree = "<group>";
		};
		CF13E16A23E9FA4400750677 /* Controllers */ = {
			isa = PBXGroup;
			children = (
				CF13E15923E91A7D00750677 /* ViewController.swift */,
				CF13E16C23E9FA7200750677 /* SignUpViewController.swift */,
				CF13E16E23E9FD0200750677 /* MenteeSignUpViewController.swift */,
				CF13E17023E9FDB900750677 /* MentorSignUpViewController.swift */,
				CF13E17223EB675E00750677 /* MenteeTableViewController.swift */,
				CF4ECB2823F1E52F0087627B /* MenteeDetailViewController.swift */,
				CF4ECB2A23F1E5D10087627B /* WaitingViewController.swift */,
				CF625B2C24033FC7006D281D /* LoginViewController.swift */,
			);
			path = Controllers;
			sourceTree = "<group>";
		};
		CF13E16B23E9FA4D00750677 /* Views */ = {
			isa = PBXGroup;
			children = (
				CF13E17423EB6BA700750677 /* MenteeTableViewCell.swift */,
			);
			path = Views;
			sourceTree = "<group>";
		};
		CF13E17923EE812B00750677 /* Models */ = {
			isa = PBXGroup;
			children = (
				CF13E17723EE74BE00750677 /* Mentee.swift */,
				CF13E17A23EE814B00750677 /* Mentor.swift */,
				CF1A949323F89B37000E9EA8 /* User.swift */,
				CF625B2A240336EE006D281D /* Codable.swift */,
			);
			path = Models;
			sourceTree = "<group>";
		};
		CF1A949523FB223D000E9EA8 /* Helpers */ = {
			isa = PBXGroup;
			children = (
				CF1A949623FB226E000E9EA8 /* Auth.swift */,
			);
			path = Helpers;
			sourceTree = "<group>";
		};
/* End PBXGroup section */

/* Begin PBXNativeTarget section */
		CF13E15123E91A7D00750677 /* oracli */ = {
			isa = PBXNativeTarget;
			buildConfigurationList = CF13E16623E91A8600750677 /* Build configuration list for PBXNativeTarget "oracli" */;
			buildPhases = (
				CF13E14E23E91A7D00750677 /* Sources */,
				CF13E14F23E91A7D00750677 /* Frameworks */,
				CF13E15023E91A7D00750677 /* Resources */,
			);
			buildRules = (
			);
			dependencies = (
			);
			name = oracli;
			productName = oracli;
			productReference = CF13E15223E91A7D00750677 /* oracli.app */;
			productType = "com.apple.product-type.application";
		};
/* End PBXNativeTarget section */

/* Begin PBXProject section */
		CF13E14A23E91A7D00750677 /* Project object */ = {
			isa = PBXProject;
			attributes = {
				LastSwiftUpdateCheck = 1130;
				LastUpgradeCheck = 1130;
				ORGANIZATIONNAME = "Anika Morris";
				TargetAttributes = {
					CF13E15123E91A7D00750677 = {
						CreatedOnToolsVersion = 11.3.1;
					};
				};
			};
			buildConfigurationList = CF13E14D23E91A7D00750677 /* Build configuration list for PBXProject "oracli" */;
			compatibilityVersion = "Xcode 9.3";
			developmentRegion = en;
			hasScannedForEncodings = 0;
			knownRegions = (
				en,
				Base,
			);
			mainGroup = CF13E14923E91A7D00750677;
			productRefGroup = CF13E15323E91A7D00750677 /* Products */;
			projectDirPath = "";
			projectRoot = "";
			targets = (
				CF13E15123E91A7D00750677 /* oracli */,
			);
		};
/* End PBXProject section */

/* Begin PBXResourcesBuildPhase section */
		CF13E15023E91A7D00750677 /* Resources */ = {
			isa = PBXResourcesBuildPhase;
			buildActionMask = 2147483647;
			files = (
				CF13E16223E91A8600750677 /* LaunchScreen.storyboard in Resources */,
				CF13E15F23E91A8600750677 /* Assets.xcassets in Resources */,
				CF13E15D23E91A7D00750677 /* Main.storyboard in Resources */,
			);
			runOnlyForDeploymentPostprocessing = 0;
		};
/* End PBXResourcesBuildPhase section */

/* Begin PBXSourcesBuildPhase section */
		CF13E14E23E91A7D00750677 /* Sources */ = {
			isa = PBXSourcesBuildPhase;
			buildActionMask = 2147483647;
			files = (
				CF1A949423F89B37000E9EA8 /* User.swift in Sources */,
				CF13E17123E9FDB900750677 /* MentorSignUpViewController.swift in Sources */,
				CF13E15A23E91A7D00750677 /* ViewController.swift in Sources */,
				CF13E17823EE74BE00750677 /* Mentee.swift in Sources */,
				CF13E16F23E9FD0200750677 /* MenteeSignUpViewController.swift in Sources */,
				CF13E17B23EE814B00750677 /* Mentor.swift in Sources */,
				CF13E15623E91A7D00750677 /* AppDelegate.swift in Sources */,
				CF13E16D23E9FA7200750677 /* SignUpViewController.swift in Sources */,
				CF625B2B240336EE006D281D /* Codable.swift in Sources */,
				CF13E17523EB6BA700750677 /* MenteeTableViewCell.swift in Sources */,
				CF4ECB2B23F1E5D10087627B /* WaitingViewController.swift in Sources */,
				CF13E17323EB675E00750677 /* MenteeTableViewController.swift in Sources */,
				CF625B2D24033FC7006D281D /* LoginViewController.swift in Sources */,
				CF1A949723FB226E000E9EA8 /* Auth.swift in Sources */,
				CF13E15823E91A7D00750677 /* SceneDelegate.swift in Sources */,
				CF4ECB2923F1E52F0087627B /* MenteeDetailViewController.swift in Sources */,
			);
			runOnlyForDeploymentPostprocessing = 0;
		};
/* End PBXSourcesBuildPhase section */

/* Begin PBXVariantGroup section */
		CF13E15B23E91A7D00750677 /* Main.storyboard */ = {
			isa = PBXVariantGroup;
			children = (
				CF13E15C23E91A7D00750677 /* Base */,
			);
			name = Main.storyboard;
			sourceTree = "<group>";
		};
		CF13E16023E91A8600750677 /* LaunchScreen.storyboard */ = {
			isa = PBXVariantGroup;
			children = (
				CF13E16123E91A8600750677 /* Base */,
			);
			name = LaunchScreen.storyboard;
			sourceTree = "<group>";
		};
/* End PBXVariantGroup section */

/* Begin XCBuildConfiguration section */
		CF13E16423E91A8600750677 /* Debug */ = {
			isa = XCBuildConfiguration;
			buildSettings = {
				ALWAYS_SEARCH_USER_PATHS = NO;
				CLANG_ANALYZER_NONNULL = YES;
				CLANG_ANALYZER_NUMBER_OBJECT_CONVERSION = YES_AGGRESSIVE;
				CLANG_CXX_LANGUAGE_STANDARD = "gnu++14";
				CLANG_CXX_LIBRARY = "libc++";
				CLANG_ENABLE_MODULES = YES;
				CLANG_ENABLE_OBJC_ARC = YES;
				CLANG_ENABLE_OBJC_WEAK = YES;
				CLANG_WARN_BLOCK_CAPTURE_AUTORELEASING = YES;
				CLANG_WARN_BOOL_CONVERSION = YES;
				CLANG_WARN_COMMA = YES;
				CLANG_WARN_CONSTANT_CONVERSION = YES;
				CLANG_WARN_DEPRECATED_OBJC_IMPLEMENTATIONS = YES;
				CLANG_WARN_DIRECT_OBJC_ISA_USAGE = YES_ERROR;
				CLANG_WARN_DOCUMENTATION_COMMENTS = YES;
				CLANG_WARN_EMPTY_BODY = YES;
				CLANG_WARN_ENUM_CONVERSION = YES;
				CLANG_WARN_INFINITE_RECURSION = YES;
				CLANG_WARN_INT_CONVERSION = YES;
				CLANG_WARN_NON_LITERAL_NULL_CONVERSION = YES;
				CLANG_WARN_OBJC_IMPLICIT_RETAIN_SELF = YES;
				CLANG_WARN_OBJC_LITERAL_CONVERSION = YES;
				CLANG_WARN_OBJC_ROOT_CLASS = YES_ERROR;
				CLANG_WARN_RANGE_LOOP_ANALYSIS = YES;
				CLANG_WARN_STRICT_PROTOTYPES = YES;
				CLANG_WARN_SUSPICIOUS_MOVE = YES;
				CLANG_WARN_UNGUARDED_AVAILABILITY = YES_AGGRESSIVE;
				CLANG_WARN_UNREACHABLE_CODE = YES;
				CLANG_WARN__DUPLICATE_METHOD_MATCH = YES;
				COPY_PHASE_STRIP = NO;
				DEBUG_INFORMATION_FORMAT = dwarf;
				ENABLE_STRICT_OBJC_MSGSEND = YES;
				ENABLE_TESTABILITY = YES;
				GCC_C_LANGUAGE_STANDARD = gnu11;
				GCC_DYNAMIC_NO_PIC = NO;
				GCC_NO_COMMON_BLOCKS = YES;
				GCC_OPTIMIZATION_LEVEL = 0;
				GCC_PREPROCESSOR_DEFINITIONS = (
					"DEBUG=1",
					"$(inherited)",
				);
				GCC_WARN_64_TO_32_BIT_CONVERSION = YES;
				GCC_WARN_ABOUT_RETURN_TYPE = YES_ERROR;
				GCC_WARN_UNDECLARED_SELECTOR = YES;
				GCC_WARN_UNINITIALIZED_AUTOS = YES_AGGRESSIVE;
				GCC_WARN_UNUSED_FUNCTION = YES;
				GCC_WARN_UNUSED_VARIABLE = YES;
				IPHONEOS_DEPLOYMENT_TARGET = 13.2;
				MTL_ENABLE_DEBUG_INFO = INCLUDE_SOURCE;
				MTL_FAST_MATH = YES;
				ONLY_ACTIVE_ARCH = YES;
				SDKROOT = iphoneos;
				SWIFT_ACTIVE_COMPILATION_CONDITIONS = DEBUG;
				SWIFT_OPTIMIZATION_LEVEL = "-Onone";
			};
			name = Debug;
		};
		CF13E16523E91A8600750677 /* Release */ = {
			isa = XCBuildConfiguration;
			buildSettings = {
				ALWAYS_SEARCH_USER_PATHS = NO;
				CLANG_ANALYZER_NONNULL = YES;
				CLANG_ANALYZER_NUMBER_OBJECT_CONVERSION = YES_AGGRESSIVE;
				CLANG_CXX_LANGUAGE_STANDARD = "gnu++14";
				CLANG_CXX_LIBRARY = "libc++";
				CLANG_ENABLE_MODULES = YES;
				CLANG_ENABLE_OBJC_ARC = YES;
				CLANG_ENABLE_OBJC_WEAK = YES;
				CLANG_WARN_BLOCK_CAPTURE_AUTORELEASING = YES;
				CLANG_WARN_BOOL_CONVERSION = YES;
				CLANG_WARN_COMMA = YES;
				CLANG_WARN_CONSTANT_CONVERSION = YES;
				CLANG_WARN_DEPRECATED_OBJC_IMPLEMENTATIONS = YES;
				CLANG_WARN_DIRECT_OBJC_ISA_USAGE = YES_ERROR;
				CLANG_WARN_DOCUMENTATION_COMMENTS = YES;
				CLANG_WARN_EMPTY_BODY = YES;
				CLANG_WARN_ENUM_CONVERSION = YES;
				CLANG_WARN_INFINITE_RECURSION = YES;
				CLANG_WARN_INT_CONVERSION = YES;
				CLANG_WARN_NON_LITERAL_NULL_CONVERSION = YES;
				CLANG_WARN_OBJC_IMPLICIT_RETAIN_SELF = YES;
				CLANG_WARN_OBJC_LITERAL_CONVERSION = YES;
				CLANG_WARN_OBJC_ROOT_CLASS = YES_ERROR;
				CLANG_WARN_RANGE_LOOP_ANALYSIS = YES;
				CLANG_WARN_STRICT_PROTOTYPES = YES;
				CLANG_WARN_SUSPICIOUS_MOVE = YES;
				CLANG_WARN_UNGUARDED_AVAILABILITY = YES_AGGRESSIVE;
				CLANG_WARN_UNREACHABLE_CODE = YES;
				CLANG_WARN__DUPLICATE_METHOD_MATCH = YES;
				COPY_PHASE_STRIP = NO;
				DEBUG_INFORMATION_FORMAT = "dwarf-with-dsym";
				ENABLE_NS_ASSERTIONS = NO;
				ENABLE_STRICT_OBJC_MSGSEND = YES;
				GCC_C_LANGUAGE_STANDARD = gnu11;
				GCC_NO_COMMON_BLOCKS = YES;
				GCC_WARN_64_TO_32_BIT_CONVERSION = YES;
				GCC_WARN_ABOUT_RETURN_TYPE = YES_ERROR;
				GCC_WARN_UNDECLARED_SELECTOR = YES;
				GCC_WARN_UNINITIALIZED_AUTOS = YES_AGGRESSIVE;
				GCC_WARN_UNUSED_FUNCTION = YES;
				GCC_WARN_UNUSED_VARIABLE = YES;
				IPHONEOS_DEPLOYMENT_TARGET = 13.2;
				MTL_ENABLE_DEBUG_INFO = NO;
				MTL_FAST_MATH = YES;
				SDKROOT = iphoneos;
				SWIFT_COMPILATION_MODE = wholemodule;
				SWIFT_OPTIMIZATION_LEVEL = "-O";
				VALIDATE_PRODUCT = YES;
			};
			name = Release;
		};
		CF13E16723E91A8600750677 /* Debug */ = {
			isa = XCBuildConfiguration;
			buildSettings = {
				ASSETCATALOG_COMPILER_APPICON_NAME = AppIcon;
				CODE_SIGN_STYLE = Automatic;
				DEVELOPMENT_TEAM = HXYM5H2DXG;
				INFOPLIST_FILE = oracli/Info.plist;
				LD_RUNPATH_SEARCH_PATHS = (
					"$(inherited)",
					"@executable_path/Frameworks",
				);
				PRODUCT_BUNDLE_IDENTIFIER = com.anikamorris.oracli;
				PRODUCT_NAME = "$(TARGET_NAME)";
				SWIFT_VERSION = 5.0;
				TARGETED_DEVICE_FAMILY = "1,2";
			};
			name = Debug;
		};
		CF13E16823E91A8600750677 /* Release */ = {
			isa = XCBuildConfiguration;
			buildSettings = {
				ASSETCATALOG_COMPILER_APPICON_NAME = AppIcon;
				CODE_SIGN_STYLE = Automatic;
				DEVELOPMENT_TEAM = HXYM5H2DXG;
				INFOPLIST_FILE = oracli/Info.plist;
				LD_RUNPATH_SEARCH_PATHS = (
					"$(inherited)",
					"@executable_path/Frameworks",
				);
				PRODUCT_BUNDLE_IDENTIFIER = com.anikamorris.oracli;
				PRODUCT_NAME = "$(TARGET_NAME)";
				SWIFT_VERSION = 5.0;
				TARGETED_DEVICE_FAMILY = "1,2";
			};
			name = Release;
		};
/* End XCBuildConfiguration section */

/* Begin XCConfigurationList section */
		CF13E14D23E91A7D00750677 /* Build configuration list for PBXProject "oracli" */ = {
			isa = XCConfigurationList;
			buildConfigurations = (
				CF13E16423E91A8600750677 /* Debug */,
				CF13E16523E91A8600750677 /* Release */,
			);
			defaultConfigurationIsVisible = 0;
			defaultConfigurationName = Release;
		};
		CF13E16623E91A8600750677 /* Build configuration list for PBXNativeTarget "oracli" */ = {
			isa = XCConfigurationList;
			buildConfigurations = (
				CF13E16723E91A8600750677 /* Debug */,
				CF13E16823E91A8600750677 /* Release */,
			);
			defaultConfigurationIsVisible = 0;
			defaultConfigurationName = Release;
		};
/* End XCConfigurationList section */
	};
	rootObject = CF13E14A23E91A7D00750677 /* Project object */;
}
